// !$*UTF8*$!
{
	archiveVersion = 1;
	classes = {
	};
	objectVersion = 46;
	objects = {

/* Begin PBXBuildFile section */
		8493D0931CCF464C00FA6C4B /* main.m in Sources */ = {isa = PBXBuildFile; fileRef = 8493D0921CCF464C00FA6C4B /* main.m */; };
		8493D09B1CCF46B000FA6C4B /* Utils.m in Sources */ = {isa = PBXBuildFile; fileRef = 8493D09A1CCF46B000FA6C4B /* Utils.m */; };
/* End PBXBuildFile section */

/* Begin PBXCopyFilesBuildPhase section */
		8493D08D1CCF464C00FA6C4B /* CopyFiles */ = {
			isa = PBXCopyFilesBuildPhase;
			buildActionMask = 2147483647;
			dstPath = /usr/share/man/man1/;
			dstSubfolderSpec = 0;
			files = (
			);
			runOnlyForDeploymentPostprocessing = 1;
		};
/* End PBXCopyFilesBuildPhase section */

/* Begin PBXFileReference section */
		8493D08F1CCF464C00FA6C4B /* Problem_1 */ = {isa = PBXFileReference; explicitFileType = "compiled.mach-o.executable"; includeInIndex = 0; path = Problem_1; sourceTree = BUILT_PRODUCTS_DIR; };
		8493D0921CCF464C00FA6C4B /* main.m */ = {isa = PBXFileReference; lastKnownFileType = sourcecode.c.objc; path = main.m; sourceTree = "<group>"; };
		8493D0991CCF46B000FA6C4B /* Utils.h */ = {isa = PBXFileReference; fileEncoding = 4; lastKnownFileType = sourcecode.c.h; path = Utils.h; sourceTree = "<group>"; };
		8493D09A1CCF46B000FA6C4B /* Utils.m */ = {isa = PBXFileReference; fileEncoding = 4; lastKnownFileType = sourcecode.c.objc; path = Utils.m; sourceTree = "<group>"; };
/* End PBXFileReference section */

/* Begin PBXFrameworksBuildPhase section */
		8493D08C1CCF464C00FA6C4B /* Frameworks */ = {
			isa = PBXFrameworksBuildPhase;
			buildActionMask = 2147483647;
			files = (
			);
			runOnlyForDeploymentPostprocessing = 0;
		};
/* End PBXFrameworksBuildPhase section */

/* Begin PBXGroup section */
		8493D0861CCF464C00FA6C4B = {
			isa = PBXGroup;
			children = (
				8493D0911CCF464C00FA6C4B /* Problem_1 */,
				8493D0901CCF464C00FA6C4B /* Products */,
			);
			sourceTree = "<group>";
		};
		8493D0901CCF464C00FA6C4B /* Products */ = {
			isa = PBXGroup;
			children = (
				8493D08F1CCF464C00FA6C4B /* Problem_1 */,
			);
			name = Products;
			sourceTree = "<group>";
		};
		8493D0911CCF464C00FA6C4B /* Problem_1 */ = {
			isa = PBXGroup;
			children = (
				8493D0921CCF464C00FA6C4B /* main.m */,
				8493D0991CCF46B000FA6C4B /* Utils.h */,
				8493D09A1CCF46B000FA6C4B /* Utils.m */,
			);
			path = Problem_1;
			sourceTree = "<group>";
		};
/* End PBXGroup section */

/* Begin PBXNativeTarget section */
		8493D08E1CCF464C00FA6C4B /* Problem_1 */ = {
			isa = PBXNativeTarget;
			buildConfigurationList = 8493D0961CCF464C00FA6C4B /* Build configuration list for PBXNativeTarget "Problem_1" */;
			buildPhases = (
				8493D08B1CCF464C00FA6C4B /* Sources */,
				8493D08C1CCF464C00FA6C4B /* Frameworks */,
				8493D08D1CCF464C00FA6C4B /* CopyFiles */,
			);
			buildRules = (
			);
			dependencies = (
			);
			name = Problem_1;
			productName = Problem_1;
			productReference = 8493D08F1CCF464C00FA6C4B /* Problem_1 */;
			productType = "com.apple.product-type.tool";
		};
/* End PBXNativeTarget section */

/* Begin PBXProject section */
		8493D0871CCF464C00FA6C4B /* Project object */ = {
			isa = PBXProject;
			attributes = {
				LastUpgradeCheck = 0730;
				ORGANIZATIONNAME = "Anton Glezman";
				TargetAttributes = {
					8493D08E1CCF464C00FA6C4B = {
						CreatedOnToolsVersion = 7.3;
					};
				};
			};
			buildConfigurationList = 8493D08A1CCF464C00FA6C4B /* Build configuration list for PBXProject "Problem_1" */;
			compatibilityVersion = "Xcode 3.2";
			developmentRegion = English;
			hasScannedForEncodings = 0;
			knownRegions = (
				en,
			);
			mainGroup = 8493D0861CCF464C00FA6C4B;
			productRefGroup = 8493D0901CCF464C00FA6C4B /* Products */;
			projectDirPath = "";
			projectRoot = "";
			targets = (
				8493D08E1CCF464C00FA6C4B /* Problem_1 */,
			);
		};
/* End PBXProject section */

/* Begin PBXSourcesBuildPhase section */
		8493D08B1CCF464C00FA6C4B /* Sources */ = {
			isa = PBXSourcesBuildPhase;
			buildActionMask = 2147483647;
			files = (
				8493D0931CCF464C00FA6C4B /* main.m in Sources */,
				8493D09B1CCF46B000FA6C4B /* Utils.m in Sources */,
			);
			runOnlyForDeploymentPostprocessing = 0;
		};
/* End PBXSourcesBuildPhase section */

/* Begin XCBuildConfiguration section */
		8493D0941CCF464C00FA6C4B /* Debug */ = {
			isa = XCBuildConfiguration;
			buildSettings = {
				ALWAYS_SEARCH_USER_PATHS = NO;
				CLANG_ANALYZER_NONNULL = YES;
				CLANG_CXX_LANGUAGE_STANDARD = "gnu++0x";
				CLANG_CXX_LIBRARY = "libc++";
				CLANG_ENABLE_MODULES = YES;
				CLANG_ENABLE_OBJC_ARC = YES;
				CLANG_WARN_BOOL_CONVERSION = YES;
				CLANG_WARN_CONSTANT_CONVERSION = YES;
				CLANG_WARN_DIRECT_OBJC_ISA_USAGE = YES_ERROR;
				CLANG_WARN_EMPTY_BODY = YES;
				CLANG_WARN_ENUM_CONVERSION = YES;
				CLANG_WARN_INT_CONVERSION = YES;
				CLANG_WARN_OBJC_ROOT_CLASS = YES_ERROR;
				CLANG_WARN_UNREACHABLE_CODE = YES;
				CLANG_WARN__DUPLICATE_METHOD_MATCH = YES;
				CODE_SIGN_IDENTITY = "-";
				COPY_PHASE_STRIP = NO;
				DEBUG_INFORMATION_FORMAT = dwarf;
				ENABLE_STRICT_OBJC_MSGSEND = YES;
				ENABLE_TESTABILITY = YES;
				GCC_C_LANGUAGE_STANDARD = gnu99;
				GCC_DYNAMIC_NO_PIC = NO;
				GCC_NO_COMMON_BLOCKS = YES;
				GCC_OPTIMIZATION_LEVEL = 0;
				GCC_PREPROCESSOR_DEFINITIONS = (
					"DEBUG=1",
					"$(inherited)",
				);
				GCC_WARN_64_TO_32_BIT_CONVERSION = YES;
				GCC_WARN_ABOUT_RETURN_TYPE = YES_ERROR;
				GCC_WARN_UNDECLARED_SELECTOR = YES;
				GCC_WARN_UNINITIALIZED_AUTOS = YES_AGGRESSIVE;
				GCC_WARN_UNUSED_FUNCTION = YES;
				GCC_WARN_UNUSED_VARIABLE = YES;
				MACOSX_DEPLOYMENT_TARGET = 10.11;
				MTL_ENABLE_DEBUG_INFO = YES;
				ONLY_ACTIVE_ARCH = YES;
				SDKROOT = macosx;
			};
			name = Debug;
		};
		8493D0951CCF464C00FA6C4B /* Release */ = {
			isa = XCBuildConfiguration;
			buildSettings = {
				ALWAYS_SEARCH_USER_PATHS = NO;
				CLANG_ANALYZER_NONNULL = YES;
				CLANG_CXX_LANGUAGE_STANDARD = "gnu++0x";
				CLANG_CXX_LIBRARY = "libc++";
				CLANG_ENABLE_MODULES = YES;
				CLANG_ENABLE_OBJC_ARC = YES;
				CLANG_WARN_BOOL_CONVERSION = YES;
				CLANG_WARN_CONSTANT_CONVERSION = YES;
				CLANG_WARN_DIRECT_OBJC_ISA_USAGE = YES_ERROR;
				CLANG_WARN_EMPTY_BODY = YES;
				CLANG_WARN_ENUM_CONVERSION = YES;
				CLANG_WARN_INT_CONVERSION = YES;
				CLANG_WARN_OBJC_ROOT_CLASS = YES_ERROR;
				CLANG_WARN_UNREACHABLE_CODE = YES;
				CLANG_WARN__DUPLICATE_METHOD_MATCH = YES;
				CODE_SIGN_IDENTITY = "-";
				COPY_PHASE_STRIP = NO;
				DEBUG_INFORMATION_FORMAT = "dwarf-with-dsym";
				ENABLE_NS_ASSERTIONS = NO;
				ENABLE_STRICT_OBJC_MSGSEND = YES;
				GCC_C_LANGUAGE_STANDARD = gnu99;
				GCC_NO_COMMON_BLOCKS = YES;
				GCC_WARN_64_TO_32_BIT_CONVERSION = YES;
				GCC_WARN_ABOUT_RETURN_TYPE = YES_ERROR;
				GCC_WARN_UNDECLARED_SELECTOR = YES;
				GCC_WARN_UNINITIALIZED_AUTOS = YES_AGGRESSIVE;
				GCC_WARN_UNUSED_FUNCTION = YES;
				GCC_WARN_UNUSED_VARIABLE = YES;
				MACOSX_DEPLOYMENT_TARGET = 10.11;
				MTL_ENABLE_DEBUG_INFO = NO;
				SDKROOT = macosx;
			};
			name = Release;
		};
		8493D0971CCF464C00FA6C4B /* Debug */ = {
			isa = XCBuildConfiguration;
			buildSettings = {
				PRODUCT_NAME = "$(TARGET_NAME)";
			};
			name = Debug;
		};
		8493D0981CCF464C00FA6C4B /* Release */ = {
			isa = XCBuildConfiguration;
			buildSettings = {
				PRODUCT_NAME = "$(TARGET_NAME)";
			};
			name = Release;
		};
/* End XCBuildConfiguration section */

/* Begin XCConfigurationList section */
		8493D08A1CCF464C00FA6C4B /* Build configuration list for PBXProject "Problem_1" */ = {
			isa = XCConfigurationList;
			buildConfigurations = (
				8493D0941CCF464C00FA6C4B /* Debug */,
				8493D0951CCF464C00FA6C4B /* Release */,
			);
			defaultConfigurationIsVisible = 0;
			defaultConfigurationName = Release;
		};
		8493D0961CCF464C00FA6C4B /* Build configuration list for PBXNativeTarget "Problem_1" */ = {
			isa = XCConfigurationList;
			buildConfigurations = (
				8493D0971CCF464C00FA6C4B /* Debug */,
				8493D0981CCF464C00FA6C4B /* Release */,
			);
			defaultConfigurationIsVisible = 0;
		};
/* End XCConfigurationList section */
	};
	rootObject = 8493D0871CCF464C00FA6C4B /* Project object */;
}
